
Microsoft Visual Studio Solution File, Format Version 12.00
# Visual Studio Version 16
VisualStudioVersion = 16.0.31410.357
MinimumVisualStudioVersion = 10.0.40219.1
Project("{FAE04EC0-301F-11D3-BF4B-00C04F79EFBC}") = "DiabloLoD-ConsoleEdition", "DiabloLoD-ConsoleEdition\DiabloLoD-ConsoleEdition.csproj", "{C8433F79-857D-4A4B-866B-4B4B0799A558}"
EndProject
Global
	GlobalSection(SolutionConfigurationPlatforms) = preSolution
		Debug|Any CPU = Debug|Any CPU
		Release|Any CPU = Release|Any CPU
	EndGlobalSection
	GlobalSection(ProjectConfigurationPlatforms) = postSolution
		{C8433F79-857D-4A4B-866B-4B4B0799A558}.Debug|Any CPU.ActiveCfg = Debug|Any CPU
		{C8433F79-857D-4A4B-866B-4B4B0799A558}.Debug|Any CPU.Build.0 = Debug|Any CPU
		{C8433F79-857D-4A4B-866B-4B4B0799A558}.Release|Any CPU.ActiveCfg = Release|Any CPU
		{C8433F79-857D-4A4B-866B-4B4B0799A558}.Release|Any CPU.Build.0 = Release|Any CPU
	EndGlobalSection
	GlobalSection(SolutionProperties) = preSolution
		HideSolutionNode = FALSE
	EndGlobalSection
	GlobalSection(ExtensibilityGlobals) = postSolution
		SolutionGuid = {BD3FA3FC-5648-463E-A3A4-7A1C67E5DC90}
	EndGlobalSection
EndGlobal
